// !$*UTF8*$!
{
	archiveVersion = 1;
	classes = {
	};
	objectVersion = 77;
	objects = {

/* Begin PBXBuildFile section */
		311735F82D580A2600DC5408 /* CoffeeFramework.framework in Frameworks */ = {isa = PBXBuildFile; fileRef = 314536A62D5575DF003143CB /* CoffeeFramework.framework */; platformFilter = ios; };
		311736562D58DE8F00DC5408 /* WidgetKit.framework in Frameworks */ = {isa = PBXBuildFile; fileRef = 314536872D55752D003143CB /* WidgetKit.framework */; };
		311736572D58DE8F00DC5408 /* SwiftUI.framework in Frameworks */ = {isa = PBXBuildFile; fileRef = 314536892D55752D003143CB /* SwiftUI.framework */; };
		311736642D58DE9000DC5408 /* CoffeeCupWidgetExtension.appex in Embed Foundation Extensions */ = {isa = PBXBuildFile; fileRef = 311736552D58DE8F00DC5408 /* CoffeeCupWidgetExtension.appex */; settings = {ATTRIBUTES = (RemoveHeadersOnCopy, ); }; };
		311736692D58DFD900DC5408 /* CoffeeFramework.framework in Frameworks */ = {isa = PBXBuildFile; fileRef = 314536A62D5575DF003143CB /* CoffeeFramework.framework */; };
		3117366A2D58DFD900DC5408 /* CoffeeFramework.framework in Embed Frameworks */ = {isa = PBXBuildFile; fileRef = 314536A62D5575DF003143CB /* CoffeeFramework.framework */; settings = {ATTRIBUTES = (CodeSignOnCopy, RemoveHeadersOnCopy, ); }; };
		314536AC2D5575DF003143CB /* CoffeeFramework.framework in Frameworks */ = {isa = PBXBuildFile; fileRef = 314536A62D5575DF003143CB /* CoffeeFramework.framework */; };
		314536AD2D5575DF003143CB /* CoffeeFramework.framework in Embed Frameworks */ = {isa = PBXBuildFile; fileRef = 314536A62D5575DF003143CB /* CoffeeFramework.framework */; settings = {ATTRIBUTES = (CodeSignOnCopy, RemoveHeadersOnCopy, ); }; };
/* End PBXBuildFile section */

/* Begin PBXContainerItemProxy section */
		311735F92D580A2600DC5408 /* PBXContainerItemProxy */ = {
			isa = PBXContainerItemProxy;
			containerPortal = 314536642D5569CD003143CB /* Project object */;
			proxyType = 1;
			remoteGlobalIDString = 314536A52D5575DF003143CB;
			remoteInfo = CoffeeFramework;
		};
		311736622D58DE9000DC5408 /* PBXContainerItemProxy */ = {
			isa = PBXContainerItemProxy;
			containerPortal = 314536642D5569CD003143CB /* Project object */;
			proxyType = 1;
			remoteGlobalIDString = 311736542D58DE8F00DC5408;
			remoteInfo = CoffeeCupWidgetExtension;
		};
		3117366B2D58DFD900DC5408 /* PBXContainerItemProxy */ = {
			isa = PBXContainerItemProxy;
			containerPortal = 314536642D5569CD003143CB /* Project object */;
			proxyType = 1;
			remoteGlobalIDString = 314536A52D5575DF003143CB;
			remoteInfo = CoffeeFramework;
		};
		314536AA2D5575DF003143CB /* PBXContainerItemProxy */ = {
			isa = PBXContainerItemProxy;
			containerPortal = 314536642D5569CD003143CB /* Project object */;
			proxyType = 1;
			remoteGlobalIDString = 314536A52D5575DF003143CB;
			remoteInfo = CoffeeFramework;
		};
/* End PBXContainerItemProxy section */

/* Begin PBXCopyFilesBuildPhase section */
		3117366D2D58DFD900DC5408 /* Embed Frameworks */ = {
			isa = PBXCopyFilesBuildPhase;
			buildActionMask = 2147483647;
			dstPath = "";
			dstSubfolderSpec = 10;
			files = (
				3117366A2D58DFD900DC5408 /* CoffeeFramework.framework in Embed Frameworks */,
			);
			name = "Embed Frameworks";
			runOnlyForDeploymentPostprocessing = 0;
		};
		314536A02D55752F003143CB /* Embed Foundation Extensions */ = {
			isa = PBXCopyFilesBuildPhase;
			buildActionMask = 2147483647;
			dstPath = "";
			dstSubfolderSpec = 13;
			files = (
				311736642D58DE9000DC5408 /* CoffeeCupWidgetExtension.appex in Embed Foundation Extensions */,
			);
			name = "Embed Foundation Extensions";
			runOnlyForDeploymentPostprocessing = 0;
		};
		314536B22D5575DF003143CB /* Embed Frameworks */ = {
			isa = PBXCopyFilesBuildPhase;
			buildActionMask = 2147483647;
			dstPath = "";
			dstSubfolderSpec = 10;
			files = (
				314536AD2D5575DF003143CB /* CoffeeFramework.framework in Embed Frameworks */,
			);
			name = "Embed Frameworks";
			runOnlyForDeploymentPostprocessing = 0;
		};
/* End PBXCopyFilesBuildPhase section */

/* Begin PBXFileReference section */
		311735F42D580A2600DC5408 /* CoffeeFrameworkTests.xctest */ = {isa = PBXFileReference; explicitFileType = wrapper.cfbundle; includeInIndex = 0; path = CoffeeFrameworkTests.xctest; sourceTree = BUILT_PRODUCTS_DIR; };
		311736552D58DE8F00DC5408 /* CoffeeCupWidgetExtension.appex */ = {isa = PBXFileReference; explicitFileType = "wrapper.app-extension"; includeInIndex = 0; path = CoffeeCupWidgetExtension.appex; sourceTree = BUILT_PRODUCTS_DIR; };
		3145366C2D5569CD003143CB /* Track My Coffee.app */ = {isa = PBXFileReference; explicitFileType = wrapper.application; includeInIndex = 0; path = "Track My Coffee.app"; sourceTree = BUILT_PRODUCTS_DIR; };
		314536872D55752D003143CB /* WidgetKit.framework */ = {isa = PBXFileReference; lastKnownFileType = wrapper.framework; name = WidgetKit.framework; path = System/Library/Frameworks/WidgetKit.framework; sourceTree = SDKROOT; };
		314536892D55752D003143CB /* SwiftUI.framework */ = {isa = PBXFileReference; lastKnownFileType = wrapper.framework; name = SwiftUI.framework; path = System/Library/Frameworks/SwiftUI.framework; sourceTree = SDKROOT; };
		314536A62D5575DF003143CB /* CoffeeFramework.framework */ = {isa = PBXFileReference; explicitFileType = wrapper.framework; includeInIndex = 0; path = CoffeeFramework.framework; sourceTree = BUILT_PRODUCTS_DIR; };
		314536BE2D557C7C003143CB /* TrackMyCoffeeWidgetExtension.entitlements */ = {isa = PBXFileReference; lastKnownFileType = text.plist.entitlements; path = TrackMyCoffeeWidgetExtension.entitlements; sourceTree = "<group>"; };
		31FC77CE2D622A2900CEE693 /* CoffeeCupWidgetExtension.entitlements */ = {isa = PBXFileReference; lastKnownFileType = text.plist.entitlements; path = CoffeeCupWidgetExtension.entitlements; sourceTree = "<group>"; };
/* End PBXFileReference section */

/* Begin PBXFileSystemSynchronizedBuildFileExceptionSet section */
		311736652D58DE9000DC5408 /* Exceptions for "CoffeeCupWidget" folder in "CoffeeCupWidgetExtension" target */ = {
			isa = PBXFileSystemSynchronizedBuildFileExceptionSet;
			membershipExceptions = (
				Info.plist,
			);
			target = 311736542D58DE8F00DC5408 /* CoffeeCupWidgetExtension */;
		};
		314536AE2D5575DF003143CB /* Exceptions for "CoffeeFramework" folder in "CoffeeFramework" target */ = {
			isa = PBXFileSystemSynchronizedBuildFileExceptionSet;
			publicHeaders = (
				CoffeeFramework.h,
			);
			target = 314536A52D5575DF003143CB /* CoffeeFramework */;
		};
		31FC77D72D622CB500CEE693 /* Exceptions for "CoffeeCupWidget" folder in "Track My Coffee" target */ = {
			isa = PBXFileSystemSynchronizedBuildFileExceptionSet;
			membershipExceptions = (
				AddCoffeeCountIntent.swift,
			);
			target = 3145366B2D5569CD003143CB /* Track My Coffee */;
		};
/* End PBXFileSystemSynchronizedBuildFileExceptionSet section */

/* Begin PBXFileSystemSynchronizedRootGroup section */
		311735F52D580A2600DC5408 /* CoffeeFrameworkTests */ = {
			isa = PBXFileSystemSynchronizedRootGroup;
			path = CoffeeFrameworkTests;
			sourceTree = "<group>";
		};
		311736582D58DE8F00DC5408 /* CoffeeCupWidget */ = {
			isa = PBXFileSystemSynchronizedRootGroup;
			exceptions = (
				31FC77D72D622CB500CEE693 /* Exceptions for "CoffeeCupWidget" folder in "Track My Coffee" target */,
				311736652D58DE9000DC5408 /* Exceptions for "CoffeeCupWidget" folder in "CoffeeCupWidgetExtension" target */,
			);
			path = CoffeeCupWidget;
			sourceTree = "<group>";
		};
		3145366E2D5569CD003143CB /* Track My Coffee */ = {
			isa = PBXFileSystemSynchronizedRootGroup;
			path = "Track My Coffee";
			sourceTree = "<group>";
		};
		314536A72D5575DF003143CB /* CoffeeFramework */ = {
			isa = PBXFileSystemSynchronizedRootGroup;
			exceptions = (
				314536AE2D5575DF003143CB /* Exceptions for "CoffeeFramework" folder in "CoffeeFramework" target */,
			);
			path = CoffeeFramework;
			sourceTree = "<group>";
		};
/* End PBXFileSystemSynchronizedRootGroup section */

/* Begin PBXFrameworksBuildPhase section */
		311735F12D580A2600DC5408 /* Frameworks */ = {
			isa = PBXFrameworksBuildPhase;
			buildActionMask = 2147483647;
			files = (
				311735F82D580A2600DC5408 /* CoffeeFramework.framework in Frameworks */,
			);
			runOnlyForDeploymentPostprocessing = 0;
		};
		311736522D58DE8F00DC5408 /* Frameworks */ = {
			isa = PBXFrameworksBuildPhase;
			buildActionMask = 2147483647;
			files = (
				311736692D58DFD900DC5408 /* CoffeeFramework.framework in Frameworks */,
				311736572D58DE8F00DC5408 /* SwiftUI.framework in Frameworks */,
				311736562D58DE8F00DC5408 /* WidgetKit.framework in Frameworks */,
			);
			runOnlyForDeploymentPostprocessing = 0;
		};
		314536692D5569CD003143CB /* Frameworks */ = {
			isa = PBXFrameworksBuildPhase;
			buildActionMask = 2147483647;
			files = (
				314536AC2D5575DF003143CB /* CoffeeFramework.framework in Frameworks */,
			);
			runOnlyForDeploymentPostprocessing = 0;
		};
		314536A32D5575DF003143CB /* Frameworks */ = {
			isa = PBXFrameworksBuildPhase;
			buildActionMask = 2147483647;
			files = (
			);
			runOnlyForDeploymentPostprocessing = 0;
		};
/* End PBXFrameworksBuildPhase section */

/* Begin PBXGroup section */
		314536632D5569CD003143CB = {
			isa = PBXGroup;
			children = (
				31FC77CE2D622A2900CEE693 /* CoffeeCupWidgetExtension.entitlements */,
				314536BE2D557C7C003143CB /* TrackMyCoffeeWidgetExtension.entitlements */,
				3145366E2D5569CD003143CB /* Track My Coffee */,
				314536A72D5575DF003143CB /* CoffeeFramework */,
				311735F52D580A2600DC5408 /* CoffeeFrameworkTests */,
				311736582D58DE8F00DC5408 /* CoffeeCupWidget */,
				314536862D55752D003143CB /* Frameworks */,
				3145366D2D5569CD003143CB /* Products */,
			);
			sourceTree = "<group>";
		};
		3145366D2D5569CD003143CB /* Products */ = {
			isa = PBXGroup;
			children = (
				3145366C2D5569CD003143CB /* Track My Coffee.app */,
				314536A62D5575DF003143CB /* CoffeeFramework.framework */,
				311735F42D580A2600DC5408 /* CoffeeFrameworkTests.xctest */,
				311736552D58DE8F00DC5408 /* CoffeeCupWidgetExtension.appex */,
			);
			name = Products;
			sourceTree = "<group>";
		};
		314536862D55752D003143CB /* Frameworks */ = {
			isa = PBXGroup;
			children = (
				314536872D55752D003143CB /* WidgetKit.framework */,
				314536892D55752D003143CB /* SwiftUI.framework */,
			);
			name = Frameworks;
			sourceTree = "<group>";
		};
/* End PBXGroup section */

/* Begin PBXHeadersBuildPhase section */
		314536A12D5575DF003143CB /* Headers */ = {
			isa = PBXHeadersBuildPhase;
			buildActionMask = 2147483647;
			files = (
			);
			runOnlyForDeploymentPostprocessing = 0;
		};
/* End PBXHeadersBuildPhase section */

/* Begin PBXNativeTarget section */
		311735F32D580A2600DC5408 /* CoffeeFrameworkTests */ = {
			isa = PBXNativeTarget;
			buildConfigurationList = 311735FB2D580A2600DC5408 /* Build configuration list for PBXNativeTarget "CoffeeFrameworkTests" */;
			buildPhases = (
				311735F02D580A2600DC5408 /* Sources */,
				311735F12D580A2600DC5408 /* Frameworks */,
				311735F22D580A2600DC5408 /* Resources */,
			);
			buildRules = (
			);
			dependencies = (
				311735FA2D580A2600DC5408 /* PBXTargetDependency */,
			);
			fileSystemSynchronizedGroups = (
				311735F52D580A2600DC5408 /* CoffeeFrameworkTests */,
			);
			name = CoffeeFrameworkTests;
			packageProductDependencies = (
			);
			productName = CoffeeFrameworkTests;
			productReference = 311735F42D580A2600DC5408 /* CoffeeFrameworkTests.xctest */;
			productType = "com.apple.product-type.bundle.unit-test";
		};
		311736542D58DE8F00DC5408 /* CoffeeCupWidgetExtension */ = {
			isa = PBXNativeTarget;
			buildConfigurationList = 311736662D58DE9000DC5408 /* Build configuration list for PBXNativeTarget "CoffeeCupWidgetExtension" */;
			buildPhases = (
				311736512D58DE8F00DC5408 /* Sources */,
				311736522D58DE8F00DC5408 /* Frameworks */,
				311736532D58DE8F00DC5408 /* Resources */,
				3117366D2D58DFD900DC5408 /* Embed Frameworks */,
			);
			buildRules = (
			);
			dependencies = (
				3117366C2D58DFD900DC5408 /* PBXTargetDependency */,
			);
			fileSystemSynchronizedGroups = (
				311736582D58DE8F00DC5408 /* CoffeeCupWidget */,
			);
			name = CoffeeCupWidgetExtension;
			packageProductDependencies = (
			);
			productName = CoffeeCupWidgetExtension;
			productReference = 311736552D58DE8F00DC5408 /* CoffeeCupWidgetExtension.appex */;
			productType = "com.apple.product-type.app-extension";
		};
		3145366B2D5569CD003143CB /* Track My Coffee */ = {
			isa = PBXNativeTarget;
			buildConfigurationList = 3145367B2D5569CD003143CB /* Build configuration list for PBXNativeTarget "Track My Coffee" */;
			buildPhases = (
				314536682D5569CD003143CB /* Sources */,
				314536692D5569CD003143CB /* Frameworks */,
				3145366A2D5569CD003143CB /* Resources */,
				314536A02D55752F003143CB /* Embed Foundation Extensions */,
				314536B22D5575DF003143CB /* Embed Frameworks */,
			);
			buildRules = (
			);
			dependencies = (
				314536AB2D5575DF003143CB /* PBXTargetDependency */,
				311736632D58DE9000DC5408 /* PBXTargetDependency */,
			);
			fileSystemSynchronizedGroups = (
				3145366E2D5569CD003143CB /* Track My Coffee */,
			);
			name = "Track My Coffee";
			packageProductDependencies = (
			);
			productName = "Track My Coffee";
			productReference = 3145366C2D5569CD003143CB /* Track My Coffee.app */;
			productType = "com.apple.product-type.application";
		};
		314536A52D5575DF003143CB /* CoffeeFramework */ = {
			isa = PBXNativeTarget;
			buildConfigurationList = 314536AF2D5575DF003143CB /* Build configuration list for PBXNativeTarget "CoffeeFramework" */;
			buildPhases = (
				314536A12D5575DF003143CB /* Headers */,
				314536A22D5575DF003143CB /* Sources */,
				314536A32D5575DF003143CB /* Frameworks */,
				314536A42D5575DF003143CB /* Resources */,
			);
			buildRules = (
			);
			dependencies = (
			);
			fileSystemSynchronizedGroups = (
				314536A72D5575DF003143CB /* CoffeeFramework */,
			);
			name = CoffeeFramework;
			packageProductDependencies = (
			);
			productName = CoffeeFramework;
			productReference = 314536A62D5575DF003143CB /* CoffeeFramework.framework */;
			productType = "com.apple.product-type.framework";
		};
/* End PBXNativeTarget section */

/* Begin PBXProject section */
		314536642D5569CD003143CB /* Project object */ = {
			isa = PBXProject;
			attributes = {
				BuildIndependentTargetsInParallel = 1;
				LastSwiftUpdateCheck = 1620;
				LastUpgradeCheck = 1620;
				TargetAttributes = {
					311735F32D580A2600DC5408 = {
						CreatedOnToolsVersion = 16.2;
					};
					311736542D58DE8F00DC5408 = {
						CreatedOnToolsVersion = 16.2;
					};
					3145366B2D5569CD003143CB = {
						CreatedOnToolsVersion = 16.2;
					};
					314536A52D5575DF003143CB = {
						CreatedOnToolsVersion = 16.2;
						LastSwiftMigration = 1620;
					};
				};
			};
			buildConfigurationList = 314536672D5569CD003143CB /* Build configuration list for PBXProject "Track My Coffee" */;
			developmentRegion = en;
			hasScannedForEncodings = 0;
			knownRegions = (
				en,
				Base,
			);
			mainGroup = 314536632D5569CD003143CB;
			minimizedProjectReferenceProxies = 1;
			preferredProjectObjectVersion = 77;
			productRefGroup = 3145366D2D5569CD003143CB /* Products */;
			projectDirPath = "";
			projectRoot = "";
			targets = (
				3145366B2D5569CD003143CB /* Track My Coffee */,
				314536A52D5575DF003143CB /* CoffeeFramework */,
				311735F32D580A2600DC5408 /* CoffeeFrameworkTests */,
				311736542D58DE8F00DC5408 /* CoffeeCupWidgetExtension */,
			);
		};
/* End PBXProject section */

/* Begin PBXResourcesBuildPhase section */
		311735F22D580A2600DC5408 /* Resources */ = {
			isa = PBXResourcesBuildPhase;
			buildActionMask = 2147483647;
			files = (
			);
			runOnlyForDeploymentPostprocessing = 0;
		};
		311736532D58DE8F00DC5408 /* Resources */ = {
			isa = PBXResourcesBuildPhase;
			buildActionMask = 2147483647;
			files = (
			);
			runOnlyForDeploymentPostprocessing = 0;
		};
		3145366A2D5569CD003143CB /* Resources */ = {
			isa = PBXResourcesBuildPhase;
			buildActionMask = 2147483647;
			files = (
			);
			runOnlyForDeploymentPostprocessing = 0;
		};
		314536A42D5575DF003143CB /* Resources */ = {
			isa = PBXResourcesBuildPhase;
			buildActionMask = 2147483647;
			files = (
			);
			runOnlyForDeploymentPostprocessing = 0;
		};
/* End PBXResourcesBuildPhase section */

/* Begin PBXSourcesBuildPhase section */
		311735F02D580A2600DC5408 /* Sources */ = {
			isa = PBXSourcesBuildPhase;
			buildActionMask = 2147483647;
			files = (
			);
			runOnlyForDeploymentPostprocessing = 0;
		};
		311736512D58DE8F00DC5408 /* Sources */ = {
			isa = PBXSourcesBuildPhase;
			buildActionMask = 2147483647;
			files = (
			);
			runOnlyForDeploymentPostprocessing = 0;
		};
		314536682D5569CD003143CB /* Sources */ = {
			isa = PBXSourcesBuildPhase;
			buildActionMask = 2147483647;
			files = (
			);
			runOnlyForDeploymentPostprocessing = 0;
		};
		314536A22D5575DF003143CB /* Sources */ = {
			isa = PBXSourcesBuildPhase;
			buildActionMask = 2147483647;
			files = (
			);
			runOnlyForDeploymentPostprocessing = 0;
		};
/* End PBXSourcesBuildPhase section */

/* Begin PBXTargetDependency section */
		311735FA2D580A2600DC5408 /* PBXTargetDependency */ = {
			isa = PBXTargetDependency;
			platformFilter = ios;
			target = 314536A52D5575DF003143CB /* CoffeeFramework */;
			targetProxy = 311735F92D580A2600DC5408 /* PBXContainerItemProxy */;
		};
		311736632D58DE9000DC5408 /* PBXTargetDependency */ = {
			isa = PBXTargetDependency;
			target = 311736542D58DE8F00DC5408 /* CoffeeCupWidgetExtension */;
			targetProxy = 311736622D58DE9000DC5408 /* PBXContainerItemProxy */;
		};
		3117366C2D58DFD900DC5408 /* PBXTargetDependency */ = {
			isa = PBXTargetDependency;
			target = 314536A52D5575DF003143CB /* CoffeeFramework */;
			targetProxy = 3117366B2D58DFD900DC5408 /* PBXContainerItemProxy */;
		};
		314536AB2D5575DF003143CB /* PBXTargetDependency */ = {
			isa = PBXTargetDependency;
			target = 314536A52D5575DF003143CB /* CoffeeFramework */;
			targetProxy = 314536AA2D5575DF003143CB /* PBXContainerItemProxy */;
		};
/* End PBXTargetDependency section */

/* Begin XCBuildConfiguration section */
		311735FC2D580A2600DC5408 /* Debug */ = {
			isa = XCBuildConfiguration;
			buildSettings = {
				CODE_SIGN_STYLE = Automatic;
				CURRENT_PROJECT_VERSION = 1;
				DEVELOPMENT_TEAM = K4BTMSB564;
				GENERATE_INFOPLIST_FILE = YES;
				IPHONEOS_DEPLOYMENT_TARGET = 18.2;
				MARKETING_VERSION = 1.0;
				PRODUCT_BUNDLE_IDENTIFIER = "com.jarretdevs.Track-My-Coffee.CoffeeFrameworkTests";
				PRODUCT_NAME = "$(TARGET_NAME)";
				SDKROOT = iphoneos;
				SWIFT_EMIT_LOC_STRINGS = NO;
				SWIFT_VERSION = 5.0;
				TARGETED_DEVICE_FAMILY = "1,2";
			};
			name = Debug;
		};
		311735FD2D580A2600DC5408 /* Release */ = {
			isa = XCBuildConfiguration;
			buildSettings = {
				CODE_SIGN_STYLE = Automatic;
				CURRENT_PROJECT_VERSION = 1;
				DEVELOPMENT_TEAM = K4BTMSB564;
				GENERATE_INFOPLIST_FILE = YES;
				IPHONEOS_DEPLOYMENT_TARGET = 18.2;
				MARKETING_VERSION = 1.0;
				PRODUCT_BUNDLE_IDENTIFIER = "com.jarretdevs.Track-My-Coffee.CoffeeFrameworkTests";
				PRODUCT_NAME = "$(TARGET_NAME)";
				SDKROOT = iphoneos;
				SWIFT_EMIT_LOC_STRINGS = NO;
				SWIFT_VERSION = 5.0;
				TARGETED_DEVICE_FAMILY = "1,2";
				VALIDATE_PRODUCT = YES;
			};
			name = Release;
		};
		311736672D58DE9000DC5408 /* Debug */ = {
			isa = XCBuildConfiguration;
			buildSettings = {
				ASSETCATALOG_COMPILER_GLOBAL_ACCENT_COLOR_NAME = AccentColor;
				ASSETCATALOG_COMPILER_WIDGET_BACKGROUND_COLOR_NAME = WidgetBackground;
				CODE_SIGN_ENTITLEMENTS = CoffeeCupWidgetExtension.entitlements;
				CODE_SIGN_STYLE = Automatic;
				CURRENT_PROJECT_VERSION = 1;
				DEVELOPMENT_TEAM = K4BTMSB564;
				GENERATE_INFOPLIST_FILE = YES;
				INFOPLIST_FILE = CoffeeCupWidget/Info.plist;
				INFOPLIST_KEY_CFBundleDisplayName = CoffeeCupWidget;
				INFOPLIST_KEY_NSHumanReadableCopyright = "";
				IPHONEOS_DEPLOYMENT_TARGET = 18.2;
				LD_RUNPATH_SEARCH_PATHS = (
					"$(inherited)",
					"@executable_path/Frameworks",
					"@executable_path/../../Frameworks",
				);
				MARKETING_VERSION = 1.0;
				PRODUCT_BUNDLE_IDENTIFIER = "com.jarretdevs.Track-My-Coffee.widget";
				PRODUCT_NAME = "$(TARGET_NAME)";
				SDKROOT = iphoneos;
				SKIP_INSTALL = YES;
				SWIFT_EMIT_LOC_STRINGS = YES;
				SWIFT_VERSION = 5.0;
				TARGETED_DEVICE_FAMILY = "1,2";
			};
			name = Debug;
		};
		311736682D58DE9000DC5408 /* Release */ = {
			isa = XCBuildConfiguration;
			buildSettings = {
				ASSETCATALOG_COMPILER_GLOBAL_ACCENT_COLOR_NAME = AccentColor;
				ASSETCATALOG_COMPILER_WIDGET_BACKGROUND_COLOR_NAME = WidgetBackground;
				CODE_SIGN_ENTITLEMENTS = CoffeeCupWidgetExtension.entitlements;
				CODE_SIGN_STYLE = Automatic;
				CURRENT_PROJECT_VERSION = 1;
				DEVELOPMENT_TEAM = K4BTMSB564;
				GENERATE_INFOPLIST_FILE = YES;
				INFOPLIST_FILE = CoffeeCupWidget/Info.plist;
				INFOPLIST_KEY_CFBundleDisplayName = CoffeeCupWidget;
				INFOPLIST_KEY_NSHumanReadableCopyright = "";
				IPHONEOS_DEPLOYMENT_TARGET = 18.2;
				LD_RUNPATH_SEARCH_PATHS = (
					"$(inherited)",
					"@executable_path/Frameworks",
					"@executable_path/../../Frameworks",
				);
				MARKETING_VERSION = 1.0;
				PRODUCT_BUNDLE_IDENTIFIER = "com.jarretdevs.Track-My-Coffee.widget";
				PRODUCT_NAME = "$(TARGET_NAME)";
				SDKROOT = iphoneos;
				SKIP_INSTALL = YES;
				SWIFT_EMIT_LOC_STRINGS = YES;
				SWIFT_VERSION = 5.0;
				TARGETED_DEVICE_FAMILY = "1,2";
				VALIDATE_PRODUCT = YES;
			};
			name = Release;
		};
		314536792D5569CD003143CB /* Debug */ = {
			isa = XCBuildConfiguration;
			buildSettings = {
				ALWAYS_SEARCH_USER_PATHS = NO;
				ASSETCATALOG_COMPILER_GENERATE_SWIFT_ASSET_SYMBOL_EXTENSIONS = YES;
				CLANG_ANALYZER_NONNULL = YES;
				CLANG_ANALYZER_NUMBER_OBJECT_CONVERSION = YES_AGGRESSIVE;
				CLANG_CXX_LANGUAGE_STANDARD = "gnu++20";
				CLANG_ENABLE_MODULES = YES;
				CLANG_ENABLE_OBJC_ARC = YES;
				CLANG_ENABLE_OBJC_WEAK = YES;
				CLANG_WARN_BLOCK_CAPTURE_AUTORELEASING = YES;
				CLANG_WARN_BOOL_CONVERSION = YES;
				CLANG_WARN_COMMA = YES;
				CLANG_WARN_CONSTANT_CONVERSION = YES;
				CLANG_WARN_DEPRECATED_OBJC_IMPLEMENTATIONS = YES;
				CLANG_WARN_DIRECT_OBJC_ISA_USAGE = YES_ERROR;
				CLANG_WARN_DOCUMENTATION_COMMENTS = YES;
				CLANG_WARN_EMPTY_BODY = YES;
				CLANG_WARN_ENUM_CONVERSION = YES;
				CLANG_WARN_INFINITE_RECURSION = YES;
				CLANG_WARN_INT_CONVERSION = YES;
				CLANG_WARN_NON_LITERAL_NULL_CONVERSION = YES;
				CLANG_WARN_OBJC_IMPLICIT_RETAIN_SELF = YES;
				CLANG_WARN_OBJC_LITERAL_CONVERSION = YES;
				CLANG_WARN_OBJC_ROOT_CLASS = YES_ERROR;
				CLANG_WARN_QUOTED_INCLUDE_IN_FRAMEWORK_HEADER = YES;
				CLANG_WARN_RANGE_LOOP_ANALYSIS = YES;
				CLANG_WARN_STRICT_PROTOTYPES = YES;
				CLANG_WARN_SUSPICIOUS_MOVE = YES;
				CLANG_WARN_UNGUARDED_AVAILABILITY = YES_AGGRESSIVE;
				CLANG_WARN_UNREACHABLE_CODE = YES;
				CLANG_WARN__DUPLICATE_METHOD_MATCH = YES;
				COPY_PHASE_STRIP = NO;
				DEBUG_INFORMATION_FORMAT = dwarf;
				ENABLE_STRICT_OBJC_MSGSEND = YES;
				ENABLE_TESTABILITY = YES;
				ENABLE_USER_SCRIPT_SANDBOXING = YES;
				GCC_C_LANGUAGE_STANDARD = gnu17;
				GCC_DYNAMIC_NO_PIC = NO;
				GCC_NO_COMMON_BLOCKS = YES;
				GCC_OPTIMIZATION_LEVEL = 0;
				GCC_PREPROCESSOR_DEFINITIONS = (
					"DEBUG=1",
					"$(inherited)",
				);
				GCC_WARN_64_TO_32_BIT_CONVERSION = YES;
				GCC_WARN_ABOUT_RETURN_TYPE = YES_ERROR;
				GCC_WARN_UNDECLARED_SELECTOR = YES;
				GCC_WARN_UNINITIALIZED_AUTOS = YES_AGGRESSIVE;
				GCC_WARN_UNUSED_FUNCTION = YES;
				GCC_WARN_UNUSED_VARIABLE = YES;
				LOCALIZATION_PREFERS_STRING_CATALOGS = YES;
				MTL_ENABLE_DEBUG_INFO = INCLUDE_SOURCE;
				MTL_FAST_MATH = YES;
				ONLY_ACTIVE_ARCH = YES;
				SWIFT_ACTIVE_COMPILATION_CONDITIONS = "DEBUG $(inherited)";
				SWIFT_OPTIMIZATION_LEVEL = "-Onone";
			};
			name = Debug;
		};
		3145367A2D5569CD003143CB /* Release */ = {
			isa = XCBuildConfiguration;
			buildSettings = {
				ALWAYS_SEARCH_USER_PATHS = NO;
				ASSETCATALOG_COMPILER_GENERATE_SWIFT_ASSET_SYMBOL_EXTENSIONS = YES;
				CLANG_ANALYZER_NONNULL = YES;
				CLANG_ANALYZER_NUMBER_OBJECT_CONVERSION = YES_AGGRESSIVE;
				CLANG_CXX_LANGUAGE_STANDARD = "gnu++20";
				CLANG_ENABLE_MODULES = YES;
				CLANG_ENABLE_OBJC_ARC = YES;
				CLANG_ENABLE_OBJC_WEAK = YES;
				CLANG_WARN_BLOCK_CAPTURE_AUTORELEASING = YES;
				CLANG_WARN_BOOL_CONVERSION = YES;
				CLANG_WARN_COMMA = YES;
				CLANG_WARN_CONSTANT_CONVERSION = YES;
				CLANG_WARN_DEPRECATED_OBJC_IMPLEMENTATIONS = YES;
				CLANG_WARN_DIRECT_OBJC_ISA_USAGE = YES_ERROR;
				CLANG_WARN_DOCUMENTATION_COMMENTS = YES;
				CLANG_WARN_EMPTY_BODY = YES;
				CLANG_WARN_ENUM_CONVERSION = YES;
				CLANG_WARN_INFINITE_RECURSION = YES;
				CLANG_WARN_INT_CONVERSION = YES;
				CLANG_WARN_NON_LITERAL_NULL_CONVERSION = YES;
				CLANG_WARN_OBJC_IMPLICIT_RETAIN_SELF = YES;
				CLANG_WARN_OBJC_LITERAL_CONVERSION = YES;
				CLANG_WARN_OBJC_ROOT_CLASS = YES_ERROR;
				CLANG_WARN_QUOTED_INCLUDE_IN_FRAMEWORK_HEADER = YES;
				CLANG_WARN_RANGE_LOOP_ANALYSIS = YES;
				CLANG_WARN_STRICT_PROTOTYPES = YES;
				CLANG_WARN_SUSPICIOUS_MOVE = YES;
				CLANG_WARN_UNGUARDED_AVAILABILITY = YES_AGGRESSIVE;
				CLANG_WARN_UNREACHABLE_CODE = YES;
				CLANG_WARN__DUPLICATE_METHOD_MATCH = YES;
				COPY_PHASE_STRIP = NO;
				DEBUG_INFORMATION_FORMAT = "dwarf-with-dsym";
				ENABLE_NS_ASSERTIONS = NO;
				ENABLE_STRICT_OBJC_MSGSEND = YES;
				ENABLE_USER_SCRIPT_SANDBOXING = YES;
				GCC_C_LANGUAGE_STANDARD = gnu17;
				GCC_NO_COMMON_BLOCKS = YES;
				GCC_WARN_64_TO_32_BIT_CONVERSION = YES;
				GCC_WARN_ABOUT_RETURN_TYPE = YES_ERROR;
				GCC_WARN_UNDECLARED_SELECTOR = YES;
				GCC_WARN_UNINITIALIZED_AUTOS = YES_AGGRESSIVE;
				GCC_WARN_UNUSED_FUNCTION = YES;
				GCC_WARN_UNUSED_VARIABLE = YES;
				LOCALIZATION_PREFERS_STRING_CATALOGS = YES;
				MTL_ENABLE_DEBUG_INFO = NO;
				MTL_FAST_MATH = YES;
				SWIFT_COMPILATION_MODE = wholemodule;
			};
			name = Release;
		};
		3145367C2D5569CD003143CB /* Debug */ = {
			isa = XCBuildConfiguration;
			buildSettings = {
				ASSETCATALOG_COMPILER_APPICON_NAME = AppIcon;
				ASSETCATALOG_COMPILER_GLOBAL_ACCENT_COLOR_NAME = AccentColor;
				CODE_SIGN_ENTITLEMENTS = "Track My Coffee/Track_My_Coffee.entitlements";
				CODE_SIGN_STYLE = Automatic;
				CURRENT_PROJECT_VERSION = 1;
				DEVELOPMENT_ASSET_PATHS = "\"Track My Coffee/Preview Content\"";
				DEVELOPMENT_TEAM = K4BTMSB564;
				ENABLE_HARDENED_RUNTIME = YES;
				ENABLE_PREVIEWS = YES;
				GENERATE_INFOPLIST_FILE = YES;
				INFOPLIST_FILE = "Track-My-Coffee-Info.plist";
				INFOPLIST_KEY_NSSupportsLiveActivities = YES;
				"INFOPLIST_KEY_UIApplicationSceneManifest_Generation[sdk=iphoneos*]" = YES;
				"INFOPLIST_KEY_UIApplicationSceneManifest_Generation[sdk=iphonesimulator*]" = YES;
				"INFOPLIST_KEY_UIApplicationSupportsIndirectInputEvents[sdk=iphoneos*]" = YES;
				"INFOPLIST_KEY_UIApplicationSupportsIndirectInputEvents[sdk=iphonesimulator*]" = YES;
				"INFOPLIST_KEY_UILaunchScreen_Generation[sdk=iphoneos*]" = YES;
				"INFOPLIST_KEY_UILaunchScreen_Generation[sdk=iphonesimulator*]" = YES;
				"INFOPLIST_KEY_UIStatusBarStyle[sdk=iphoneos*]" = UIStatusBarStyleDefault;
				"INFOPLIST_KEY_UIStatusBarStyle[sdk=iphonesimulator*]" = UIStatusBarStyleDefault;
				INFOPLIST_KEY_UISupportedInterfaceOrientations_iPad = "UIInterfaceOrientationPortrait UIInterfaceOrientationPortraitUpsideDown UIInterfaceOrientationLandscapeLeft UIInterfaceOrientationLandscapeRight";
				INFOPLIST_KEY_UISupportedInterfaceOrientations_iPhone = "UIInterfaceOrientationPortrait UIInterfaceOrientationLandscapeLeft UIInterfaceOrientationLandscapeRight";
				IPHONEOS_DEPLOYMENT_TARGET = 18.0;
				LD_RUNPATH_SEARCH_PATHS = "@executable_path/Frameworks";
				"LD_RUNPATH_SEARCH_PATHS[sdk=macosx*]" = "@executable_path/../Frameworks";
				MACOSX_DEPLOYMENT_TARGET = 15.2;
				MARKETING_VERSION = 1.0;
				PRODUCT_BUNDLE_IDENTIFIER = "com.jarretdevs.Track-My-Coffee";
				PRODUCT_NAME = "$(TARGET_NAME)";
				SDKROOT = auto;
				SUPPORTED_PLATFORMS = "iphoneos iphonesimulator macosx xros xrsimulator";
				SWIFT_EMIT_LOC_STRINGS = YES;
				SWIFT_VERSION = 5.0;
				TARGETED_DEVICE_FAMILY = "1,2,7";
				XROS_DEPLOYMENT_TARGET = 2.2;
			};
			name = Debug;
		};
		3145367D2D5569CD003143CB /* Release */ = {
			isa = XCBuildConfiguration;
			buildSettings = {
				ASSETCATALOG_COMPILER_APPICON_NAME = AppIcon;
				ASSETCATALOG_COMPILER_GLOBAL_ACCENT_COLOR_NAME = AccentColor;
				CODE_SIGN_ENTITLEMENTS = "Track My Coffee/Track_My_Coffee.entitlements";
				CODE_SIGN_STYLE = Automatic;
				CURRENT_PROJECT_VERSION = 1;
				DEVELOPMENT_ASSET_PATHS = "\"Track My Coffee/Preview Content\"";
				DEVELOPMENT_TEAM = K4BTMSB564;
				ENABLE_HARDENED_RUNTIME = YES;
				ENABLE_PREVIEWS = YES;
				GENERATE_INFOPLIST_FILE = YES;
				INFOPLIST_FILE = "Track-My-Coffee-Info.plist";
				INFOPLIST_KEY_NSSupportsLiveActivities = YES;
				"INFOPLIST_KEY_UIApplicationSceneManifest_Generation[sdk=iphoneos*]" = YES;
				"INFOPLIST_KEY_UIApplicationSceneManifest_Generation[sdk=iphonesimulator*]" = YES;
				"INFOPLIST_KEY_UIApplicationSupportsIndirectInputEvents[sdk=iphoneos*]" = YES;
				"INFOPLIST_KEY_UIApplicationSupportsIndirectInputEvents[sdk=iphonesimulator*]" = YES;
				"INFOPLIST_KEY_UILaunchScreen_Generation[sdk=iphoneos*]" = YES;
				"INFOPLIST_KEY_UILaunchScreen_Generation[sdk=iphonesimulator*]" = YES;
				"INFOPLIST_KEY_UIStatusBarStyle[sdk=iphoneos*]" = UIStatusBarStyleDefault;
				"INFOPLIST_KEY_UIStatusBarStyle[sdk=iphonesimulator*]" = UIStatusBarStyleDefault;
				INFOPLIST_KEY_UISupportedInterfaceOrientations_iPad = "UIInterfaceOrientationPortrait UIInterfaceOrientationPortraitUpsideDown UIInterfaceOrientationLandscapeLeft UIInterfaceOrientationLandscapeRight";
				INFOPLIST_KEY_UISupportedInterfaceOrientations_iPhone = "UIInterfaceOrientationPortrait UIInterfaceOrientationLandscapeLeft UIInterfaceOrientationLandscapeRight";
				IPHONEOS_DEPLOYMENT_TARGET = 18.0;
				LD_RUNPATH_SEARCH_PATHS = "@executable_path/Frameworks";
				"LD_RUNPATH_SEARCH_PATHS[sdk=macosx*]" = "@executable_path/../Frameworks";
				MACOSX_DEPLOYMENT_TARGET = 15.2;
				MARKETING_VERSION = 1.0;
				PRODUCT_BUNDLE_IDENTIFIER = "com.jarretdevs.Track-My-Coffee";
				PRODUCT_NAME = "$(TARGET_NAME)";
				SDKROOT = auto;
				SUPPORTED_PLATFORMS = "iphoneos iphonesimulator macosx xros xrsimulator";
				SWIFT_EMIT_LOC_STRINGS = YES;
				SWIFT_VERSION = 5.0;
				TARGETED_DEVICE_FAMILY = "1,2,7";
				XROS_DEPLOYMENT_TARGET = 2.2;
			};
			name = Release;
		};
		314536B02D5575DF003143CB /* Debug */ = {
			isa = XCBuildConfiguration;
			buildSettings = {
				ALLOW_TARGET_PLATFORM_SPECIALIZATION = YES;
				BUILD_LIBRARY_FOR_DISTRIBUTION = YES;
				CLANG_ENABLE_MODULES = YES;
				CODE_SIGN_STYLE = Automatic;
				CURRENT_PROJECT_VERSION = 1;
				DEFINES_MODULE = YES;
				DEVELOPMENT_TEAM = K4BTMSB564;
				DYLIB_COMPATIBILITY_VERSION = 1;
				DYLIB_CURRENT_VERSION = 1;
				DYLIB_INSTALL_NAME_BASE = "@rpath";
				ENABLE_MODULE_VERIFIER = YES;
				GENERATE_INFOPLIST_FILE = YES;
				INFOPLIST_KEY_NSHumanReadableCopyright = "";
				INSTALL_PATH = "$(LOCAL_LIBRARY_DIR)/Frameworks";
				IPHONEOS_DEPLOYMENT_TARGET = 18.2;
				LD_RUNPATH_SEARCH_PATHS = (
					"@executable_path/Frameworks",
					"@loader_path/Frameworks",
				);
				"LD_RUNPATH_SEARCH_PATHS[sdk=macosx*]" = (
					"@executable_path/../Frameworks",
					"@loader_path/Frameworks",
				);
				MACOSX_DEPLOYMENT_TARGET = 15.2;
				MARKETING_VERSION = 1.0;
				MODULE_VERIFIER_SUPPORTED_LANGUAGES = "objective-c objective-c++";
				MODULE_VERIFIER_SUPPORTED_LANGUAGE_STANDARDS = "gnu17 gnu++20";
				PRODUCT_BUNDLE_IDENTIFIER = com.jarretdevs.CoffeeFramework;
				PRODUCT_NAME = "$(TARGET_NAME:c99extidentifier)";
				SDKROOT = auto;
				SKIP_INSTALL = YES;
				SUPPORTED_PLATFORMS = "iphoneos iphonesimulator macosx xros xrsimulator";
				SWIFT_EMIT_LOC_STRINGS = YES;
				SWIFT_INSTALL_OBJC_HEADER = NO;
				SWIFT_OPTIMIZATION_LEVEL = "-Onone";
				SWIFT_VERSION = 5.0;
				TARGETED_DEVICE_FAMILY = "1,2,7";
				VERSIONING_SYSTEM = "apple-generic";
				VERSION_INFO_PREFIX = "";
				XROS_DEPLOYMENT_TARGET = 2.2;
			};
			name = Debug;
		};
		314536B12D5575DF003143CB /* Release */ = {
			isa = XCBuildConfiguration;
			buildSettings = {
				ALLOW_TARGET_PLATFORM_SPECIALIZATION = YES;
				BUILD_LIBRARY_FOR_DISTRIBUTION = YES;
				CLANG_ENABLE_MODULES = YES;
				CODE_SIGN_STYLE = Automatic;
				CURRENT_PROJECT_VERSION = 1;
				DEFINES_MODULE = YES;
				DEVELOPMENT_TEAM = K4BTMSB564;
				DYLIB_COMPATIBILITY_VERSION = 1;
				DYLIB_CURRENT_VERSION = 1;
				DYLIB_INSTALL_NAME_BASE = "@rpath";
				ENABLE_MODULE_VERIFIER = YES;
				GENERATE_INFOPLIST_FILE = YES;
				INFOPLIST_KEY_NSHumanReadableCopyright = "";
				INSTALL_PATH = "$(LOCAL_LIBRARY_DIR)/Frameworks";
				IPHONEOS_DEPLOYMENT_TARGET = 18.2;
				LD_RUNPATH_SEARCH_PATHS = (
					"@executable_path/Frameworks",
					"@loader_path/Frameworks",
				);
				"LD_RUNPATH_SEARCH_PATHS[sdk=macosx*]" = (
					"@executable_path/../Frameworks",
					"@loader_path/Frameworks",
				);
				MACOSX_DEPLOYMENT_TARGET = 15.2;
				MARKETING_VERSION = 1.0;
				MODULE_VERIFIER_SUPPORTED_LANGUAGES = "objective-c objective-c++";
				MODULE_VERIFIER_SUPPORTED_LANGUAGE_STANDARDS = "gnu17 gnu++20";
				PRODUCT_BUNDLE_IDENTIFIER = com.jarretdevs.CoffeeFramework;
				PRODUCT_NAME = "$(TARGET_NAME:c99extidentifier)";
				SDKROOT = auto;
				SKIP_INSTALL = YES;
				SUPPORTED_PLATFORMS = "iphoneos iphonesimulator macosx xros xrsimulator";
				SWIFT_EMIT_LOC_STRINGS = YES;
				SWIFT_INSTALL_OBJC_HEADER = NO;
				SWIFT_VERSION = 5.0;
				TARGETED_DEVICE_FAMILY = "1,2,7";
				VERSIONING_SYSTEM = "apple-generic";
				VERSION_INFO_PREFIX = "";
				XROS_DEPLOYMENT_TARGET = 2.2;
			};
			name = Release;
		};
/* End XCBuildConfiguration section */

/* Begin XCConfigurationList section */
		311735FB2D580A2600DC5408 /* Build configuration list for PBXNativeTarget "CoffeeFrameworkTests" */ = {
			isa = XCConfigurationList;
			buildConfigurations = (
				311735FC2D580A2600DC5408 /* Debug */,
				311735FD2D580A2600DC5408 /* Release */,
			);
			defaultConfigurationIsVisible = 0;
			defaultConfigurationName = Release;
		};
		311736662D58DE9000DC5408 /* Build configuration list for PBXNativeTarget "CoffeeCupWidgetExtension" */ = {
			isa = XCConfigurationList;
			buildConfigurations = (
				311736672D58DE9000DC5408 /* Debug */,
				311736682D58DE9000DC5408 /* Release */,
			);
			defaultConfigurationIsVisible = 0;
			defaultConfigurationName = Release;
		};
		314536672D5569CD003143CB /* Build configuration list for PBXProject "Track My Coffee" */ = {
			isa = XCConfigurationList;
			buildConfigurations = (
				314536792D5569CD003143CB /* Debug */,
				3145367A2D5569CD003143CB /* Release */,
			);
			defaultConfigurationIsVisible = 0;
			defaultConfigurationName = Release;
		};
		3145367B2D5569CD003143CB /* Build configuration list for PBXNativeTarget "Track My Coffee" */ = {
			isa = XCConfigurationList;
			buildConfigurations = (
				3145367C2D5569CD003143CB /* Debug */,
				3145367D2D5569CD003143CB /* Release */,
			);
			defaultConfigurationIsVisible = 0;
			defaultConfigurationName = Release;
		};
		314536AF2D5575DF003143CB /* Build configuration list for PBXNativeTarget "CoffeeFramework" */ = {
			isa = XCConfigurationList;
			buildConfigurations = (
				314536B02D5575DF003143CB /* Debug */,
				314536B12D5575DF003143CB /* Release */,
			);
			defaultConfigurationIsVisible = 0;
			defaultConfigurationName = Release;
		};
/* End XCConfigurationList section */
	};
	rootObject = 314536642D5569CD003143CB /* Project object */;
}
